{
  "version": 4,
  "terraform_version": "1.4.6",
  "serial": 19,
  "lineage": "4c3798a5-734e-4b9b-f430-f6faa69d86ec",
  "outputs": {
    "access_key": {
      "value": "YCAJEvbPJgskkLXDaQXL4NzD_",
      "type": "string",
      "sensitive": true
    },
    "secret_key": {
      "value": "YCNqUrtYHBb4G9JMgD1MAwKwWZLH8sKMyUlzTcn7",
      "type": "string",
      "sensitive": true
    }
  },
  "resources": [
    {
      "mode": "managed",
      "type": "yandex_iam_service_account",
      "name": "sa",
      "provider": "provider[\"registry.terraform.io/yandex-cloud/yandex\"]",
      "instances": [
        {
          "schema_version": 0,
          "attributes": {
            "created_at": "2023-06-03T09:24:54Z",
            "description": "",
            "folder_id": "b1g07boj4j03d4ln6dhf",
            "id": "ajes4ksf4j838ejgpo7g",
            "name": "kozhasf",
            "timeouts": null
          },
          "sensitive_attributes": [],
          "private": "eyJlMmJmYjczMC1lY2FhLTExZTYtOGY4OC0zNDM2M2JjN2M0YzAiOnsiY3JlYXRlIjo2MDAwMDAwMDAwMCwiZGVsZXRlIjo2MDAwMDAwMDAwMCwidXBkYXRlIjo2MDAwMDAwMDAwMH19"
        }
      ]
    },
    {
      "mode": "managed",
      "type": "yandex_iam_service_account_static_access_key",
      "name": "sa-static-key",
      "provider": "provider[\"registry.terraform.io/yandex-cloud/yandex\"]",
      "instances": [
        {
          "schema_version": 0,
          "attributes": {
            "access_key": "YCAJEvbPJgskkLXDaQXL4NzD_",
            "created_at": "2023-06-03T09:24:55Z",
            "description": "static access key for object storage",
            "encrypted_secret_key": null,
            "id": "aje9s4hcjt4go3i8md2q",
            "key_fingerprint": null,
            "pgp_key": null,
            "secret_key": "YCNqUrtYHBb4G9JMgD1MAwKwWZLH8sKMyUlzTcn7",
            "service_account_id": "ajes4ksf4j838ejgpo7g"
          },
          "sensitive_attributes": [],
          "private": "bnVsbA==",
          "dependencies": [
            "yandex_iam_service_account.sa"
          ]
        }
      ]
    },
    {
      "mode": "managed",
      "type": "yandex_resourcemanager_folder_iam_member",
      "name": "sa-editor",
      "provider": "provider[\"registry.terraform.io/yandex-cloud/yandex\"]",
      "instances": [
        {
          "schema_version": 0,
          "attributes": {
            "folder_id": "b1g07boj4j03d4ln6dhf",
            "id": "b1g07boj4j03d4ln6dhf/storage.editor/serviceAccount:ajes4ksf4j838ejgpo7g",
            "member": "serviceAccount:ajes4ksf4j838ejgpo7g",
            "role": "storage.editor",
            "sleep_after": null
          },
          "sensitive_attributes": [],
          "private": "bnVsbA==",
          "dependencies": [
            "yandex_iam_service_account.sa"
          ]
        }
      ]
    },
    {
      "mode": "managed",
      "type": "yandex_storage_bucket",
      "name": "state",
      "provider": "provider[\"registry.terraform.io/yandex-cloud/yandex\"]",
      "instances": [
        {
          "schema_version": 0,
          "attributes": {
            "access_key": "YCAJEvbPJgskkLXDaQXL4NzD_",
            "acl": null,
            "anonymous_access_flags": [
              {
                "config_read": false,
                "list": false,
                "read": false
              }
            ],
            "bucket": "vedroplease",
            "bucket_domain_name": "vedroplease.storage.yandexcloud.net",
            "bucket_prefix": null,
            "cors_rule": [],
            "default_storage_class": "STANDARD",
            "folder_id": "b1g07boj4j03d4ln6dhf",
            "force_destroy": false,
            "grant": [],
            "https": [],
            "id": "vedroplease",
            "lifecycle_rule": [],
            "logging": [],
            "max_size": 0,
            "object_lock_configuration": [],
            "policy": "",
            "secret_key": "YCNqUrtYHBb4G9JMgD1MAwKwWZLH8sKMyUlzTcn7",
            "server_side_encryption_configuration": [],
            "versioning": [
              {
                "enabled": false
              }
            ],
            "website": [],
            "website_domain": null,
            "website_endpoint": null
          },
          "sensitive_attributes": [
            [
              {
                "type": "get_attr",
                "value": "secret_key"
              }
            ]
          ],
          "private": "bnVsbA==",
          "dependencies": [
            "yandex_iam_service_account.sa",
            "yandex_iam_service_account_static_access_key.sa-static-key"
          ]
        }
      ]
    }
  ],
  "check_results": null
}
